
Microsoft Visual Studio Solution File, Format Version 12.00
# Visual Studio Version 16
VisualStudioVersion = 16.0.32002.261
MinimumVisualStudioVersion = 10.0.40219.1
Project("{FAE04EC0-301F-11D3-BF4B-00C04F79EFBC}") = "ConsoleApp11", "ConsoleApp11\ConsoleApp11.csproj", "{0CB6F76A-A399-4E37-9560-C8D7ECFAF9BD}"
EndProject
Global
	GlobalSection(SolutionConfigurationPlatforms) = preSolution
		Debug|Any CPU = Debug|Any CPU
		Release|Any CPU = Release|Any CPU
	EndGlobalSection
	GlobalSection(ProjectConfigurationPlatforms) = postSolution
		{0CB6F76A-A399-4E37-9560-C8D7ECFAF9BD}.Debug|Any CPU.ActiveCfg = Debug|Any CPU
		{0CB6F76A-A399-4E37-9560-C8D7ECFAF9BD}.Debug|Any CPU.Build.0 = Debug|Any CPU
		{0CB6F76A-A399-4E37-9560-C8D7ECFAF9BD}.Release|Any CPU.ActiveCfg = Release|Any CPU
		{0CB6F76A-A399-4E37-9560-C8D7ECFAF9BD}.Release|Any CPU.Build.0 = Release|Any CPU
	EndGlobalSection
	GlobalSection(SolutionProperties) = preSolution
		HideSolutionNode = FALSE
	EndGlobalSection
	GlobalSection(ExtensibilityGlobals) = postSolution
		SolutionGuid = {A1FFCDAF-D772-4701-8EF3-34AD1D75838B}
	EndGlobalSection
EndGlobal
